// !$*UTF8*$!
{
	archiveVersion = 1;
	classes = {
	};
	objectVersion = 50;
	objects = {

/* Begin PBXBuildFile section */
		353FC50124144FA900E57813 /* AppDelegate.swift in Sources */ = {isa = PBXBuildFile; fileRef = 353FC50024144FA900E57813 /* AppDelegate.swift */; };
		353FC50324144FA900E57813 /* AlbumListVC.swift in Sources */ = {isa = PBXBuildFile; fileRef = 353FC50224144FA900E57813 /* AlbumListVC.swift */; };
		353FC50824144FAC00E57813 /* Assets.xcassets in Resources */ = {isa = PBXBuildFile; fileRef = 353FC50724144FAC00E57813 /* Assets.xcassets */; };
		353FC50B24144FAC00E57813 /* LaunchScreen.storyboard in Resources */ = {isa = PBXBuildFile; fileRef = 353FC50924144FAC00E57813 /* LaunchScreen.storyboard */; };
		353FC51624144FAC00E57813 /* Top_AlbumsTests.swift in Sources */ = {isa = PBXBuildFile; fileRef = 353FC51524144FAC00E57813 /* Top_AlbumsTests.swift */; };
/* End PBXBuildFile section */

/* Begin PBXContainerItemProxy section */
		353FC51224144FAC00E57813 /* PBXContainerItemProxy */ = {
			isa = PBXContainerItemProxy;
			containerPortal = 353FC4F524144FA900E57813 /* Project object */;
			proxyType = 1;
			remoteGlobalIDString = 353FC4FC24144FA900E57813;
			remoteInfo = "Top Albums";
		};
/* End PBXContainerItemProxy section */

/* Begin PBXFileReference section */
		353FC4FD24144FA900E57813 /* Top Albums.app */ = {isa = PBXFileReference; explicitFileType = wrapper.application; includeInIndex = 0; path = "Top Albums.app"; sourceTree = BUILT_PRODUCTS_DIR; };
		353FC50024144FA900E57813 /* AppDelegate.swift */ = {isa = PBXFileReference; lastKnownFileType = sourcecode.swift; path = AppDelegate.swift; sourceTree = "<group>"; };
		353FC50224144FA900E57813 /* AlbumListVC.swift */ = {isa = PBXFileReference; lastKnownFileType = sourcecode.swift; path = AlbumListVC.swift; sourceTree = "<group>"; };
		353FC50724144FAC00E57813 /* Assets.xcassets */ = {isa = PBXFileReference; lastKnownFileType = folder.assetcatalog; path = Assets.xcassets; sourceTree = "<group>"; };
		353FC50A24144FAC00E57813 /* Base */ = {isa = PBXFileReference; lastKnownFileType = file.storyboard; name = Base; path = Base.lproj/LaunchScreen.storyboard; sourceTree = "<group>"; };
		353FC50C24144FAC00E57813 /* Info.plist */ = {isa = PBXFileReference; lastKnownFileType = text.plist.xml; path = Info.plist; sourceTree = "<group>"; };
		353FC51124144FAC00E57813 /* Top AlbumsTests.xctest */ = {isa = PBXFileReference; explicitFileType = wrapper.cfbundle; includeInIndex = 0; path = "Top AlbumsTests.xctest"; sourceTree = BUILT_PRODUCTS_DIR; };
		353FC51524144FAC00E57813 /* Top_AlbumsTests.swift */ = {isa = PBXFileReference; lastKnownFileType = sourcecode.swift; path = Top_AlbumsTests.swift; sourceTree = "<group>"; };
		353FC51724144FAC00E57813 /* Info.plist */ = {isa = PBXFileReference; lastKnownFileType = text.plist.xml; path = Info.plist; sourceTree = "<group>"; };
/* End PBXFileReference section */

/* Begin PBXFrameworksBuildPhase section */
		353FC4FA24144FA900E57813 /* Frameworks */ = {
			isa = PBXFrameworksBuildPhase;
			buildActionMask = 2147483647;
			files = (
			);
			runOnlyForDeploymentPostprocessing = 0;
		};
		353FC50E24144FAC00E57813 /* Frameworks */ = {
			isa = PBXFrameworksBuildPhase;
			buildActionMask = 2147483647;
			files = (
			);
			runOnlyForDeploymentPostprocessing = 0;
		};
/* End PBXFrameworksBuildPhase section */

/* Begin PBXGroup section */
		353FC4F424144FA900E57813 = {
			isa = PBXGroup;
			children = (
				353FC4FF24144FA900E57813 /* Top Albums */,
				353FC51424144FAC00E57813 /* Top AlbumsTests */,
				353FC4FE24144FA900E57813 /* Products */,
			);
			sourceTree = "<group>";
		};
		353FC4FE24144FA900E57813 /* Products */ = {
			isa = PBXGroup;
			children = (
				353FC4FD24144FA900E57813 /* Top Albums.app */,
				353FC51124144FAC00E57813 /* Top AlbumsTests.xctest */,
			);
			name = Products;
			sourceTree = "<group>";
		};
		353FC4FF24144FA900E57813 /* Top Albums */ = {
			isa = PBXGroup;
			children = (
				353FC50024144FA900E57813 /* AppDelegate.swift */,
				353FC50224144FA900E57813 /* AlbumListVC.swift */,
				353FC50724144FAC00E57813 /* Assets.xcassets */,
				353FC50924144FAC00E57813 /* LaunchScreen.storyboard */,
				353FC50C24144FAC00E57813 /* Info.plist */,
			);
			path = "Top Albums";
			sourceTree = "<group>";
		};
		353FC51424144FAC00E57813 /* Top AlbumsTests */ = {
			isa = PBXGroup;
			children = (
				353FC51524144FAC00E57813 /* Top_AlbumsTests.swift */,
				353FC51724144FAC00E57813 /* Info.plist */,
			);
			path = "Top AlbumsTests";
			sourceTree = "<group>";
		};
/* End PBXGroup section */

/* Begin PBXNativeTarget section */
		353FC4FC24144FA900E57813 /* Top Albums */ = {
			isa = PBXNativeTarget;
			buildConfigurationList = 353FC51A24144FAC00E57813 /* Build configuration list for PBXNativeTarget "Top Albums" */;
			buildPhases = (
				353FC4F924144FA900E57813 /* Sources */,
				353FC4FA24144FA900E57813 /* Frameworks */,
				353FC4FB24144FA900E57813 /* Resources */,
			);
			buildRules = (
			);
			dependencies = (
			);
			name = "Top Albums";
			productName = "Top Albums";
			productReference = 353FC4FD24144FA900E57813 /* Top Albums.app */;
			productType = "com.apple.product-type.application";
		};
		353FC51024144FAC00E57813 /* Top AlbumsTests */ = {
			isa = PBXNativeTarget;
			buildConfigurationList = 353FC51D24144FAC00E57813 /* Build configuration list for PBXNativeTarget "Top AlbumsTests" */;
			buildPhases = (
				353FC50D24144FAC00E57813 /* Sources */,
				353FC50E24144FAC00E57813 /* Frameworks */,
				353FC50F24144FAC00E57813 /* Resources */,
			);
			buildRules = (
			);
			dependencies = (
				353FC51324144FAC00E57813 /* PBXTargetDependency */,
			);
			name = "Top AlbumsTests";
			productName = "Top AlbumsTests";
			productReference = 353FC51124144FAC00E57813 /* Top AlbumsTests.xctest */;
			productType = "com.apple.product-type.bundle.unit-test";
		};
/* End PBXNativeTarget section */

/* Begin PBXProject section */
		353FC4F524144FA900E57813 /* Project object */ = {
			isa = PBXProject;
			attributes = {
				LastSwiftUpdateCheck = 1020;
				LastUpgradeCheck = 1020;
				ORGANIZATIONNAME = "Ram' Apps";
				TargetAttributes = {
					353FC4FC24144FA900E57813 = {
						CreatedOnToolsVersion = 10.2.1;
					};
					353FC51024144FAC00E57813 = {
						CreatedOnToolsVersion = 10.2.1;
						TestTargetID = 353FC4FC24144FA900E57813;
					};
				};
			};
			buildConfigurationList = 353FC4F824144FA900E57813 /* Build configuration list for PBXProject "Top Albums" */;
			compatibilityVersion = "Xcode 9.3";
			developmentRegion = en;
			hasScannedForEncodings = 0;
			knownRegions = (
				en,
				Base,
			);
			mainGroup = 353FC4F424144FA900E57813;
			productRefGroup = 353FC4FE24144FA900E57813 /* Products */;
			projectDirPath = "";
			projectRoot = "";
			targets = (
				353FC4FC24144FA900E57813 /* Top Albums */,
				353FC51024144FAC00E57813 /* Top AlbumsTests */,
			);
		};
/* End PBXProject section */

/* Begin PBXResourcesBuildPhase section */
		353FC4FB24144FA900E57813 /* Resources */ = {
			isa = PBXResourcesBuildPhase;
			buildActionMask = 2147483647;
			files = (
				353FC50B24144FAC00E57813 /* LaunchScreen.storyboard in Resources */,
				353FC50824144FAC00E57813 /* Assets.xcassets in Resources */,
			);
			runOnlyForDeploymentPostprocessing = 0;
		};
		353FC50F24144FAC00E57813 /* Resources */ = {
			isa = PBXResourcesBuildPhase;
			buildActionMask = 2147483647;
			files = (
			);
			runOnlyForDeploymentPostprocessing = 0;
		};
/* End PBXResourcesBuildPhase section */

/* Begin PBXSourcesBuildPhase section */
		353FC4F924144FA900E57813 /* Sources */ = {
			isa = PBXSourcesBuildPhase;
			buildActionMask = 2147483647;
			files = (
				353FC50324144FA900E57813 /* AlbumListVC.swift in Sources */,
				353FC50124144FA900E57813 /* AppDelegate.swift in Sources */,
			);
			runOnlyForDeploymentPostprocessing = 0;
		};
		353FC50D24144FAC00E57813 /* Sources */ = {
			isa = PBXSourcesBuildPhase;
			buildActionMask = 2147483647;
			files = (
				353FC51624144FAC00E57813 /* Top_AlbumsTests.swift in Sources */,
			);
			runOnlyForDeploymentPostprocessing = 0;
		};
/* End PBXSourcesBuildPhase section */

/* Begin PBXTargetDependency section */
		353FC51324144FAC00E57813 /* PBXTargetDependency */ = {
			isa = PBXTargetDependency;
			target = 353FC4FC24144FA900E57813 /* Top Albums */;
			targetProxy = 353FC51224144FAC00E57813 /* PBXContainerItemProxy */;
		};
/* End PBXTargetDependency section */

/* Begin PBXVariantGroup section */
		353FC50924144FAC00E57813 /* LaunchScreen.storyboard */ = {
			isa = PBXVariantGroup;
			children = (
				353FC50A24144FAC00E57813 /* Base */,
			);
			name = LaunchScreen.storyboard;
			sourceTree = "<group>";
		};
/* End PBXVariantGroup section */

/* Begin XCBuildConfiguration section */
		353FC51824144FAC00E57813 /* Debug */ = {
			isa = XCBuildConfiguration;
			buildSettings = {
				ALWAYS_SEARCH_USER_PATHS = NO;
				CLANG_ANALYZER_NONNULL = YES;
				CLANG_ANALYZER_NUMBER_OBJECT_CONVERSION = YES_AGGRESSIVE;
				CLANG_CXX_LANGUAGE_STANDARD = "gnu++14";
				CLANG_CXX_LIBRARY = "libc++";
				CLANG_ENABLE_MODULES = YES;
				CLANG_ENABLE_OBJC_ARC = YES;
				CLANG_ENABLE_OBJC_WEAK = YES;
				CLANG_WARN_BLOCK_CAPTURE_AUTORELEASING = YES;
				CLANG_WARN_BOOL_CONVERSION = YES;
				CLANG_WARN_COMMA = YES;
				CLANG_WARN_CONSTANT_CONVERSION = YES;
				CLANG_WARN_DEPRECATED_OBJC_IMPLEMENTATIONS = YES;
				CLANG_WARN_DIRECT_OBJC_ISA_USAGE = YES_ERROR;
				CLANG_WARN_DOCUMENTATION_COMMENTS = YES;
				CLANG_WARN_EMPTY_BODY = YES;
				CLANG_WARN_ENUM_CONVERSION = YES;
				CLANG_WARN_INFINITE_RECURSION = YES;
				CLANG_WARN_INT_CONVERSION = YES;
				CLANG_WARN_NON_LITERAL_NULL_CONVERSION = YES;
				CLANG_WARN_OBJC_IMPLICIT_RETAIN_SELF = YES;
				CLANG_WARN_OBJC_LITERAL_CONVERSION = YES;
				CLANG_WARN_OBJC_ROOT_CLASS = YES_ERROR;
				CLANG_WARN_RANGE_LOOP_ANALYSIS = YES;
				CLANG_WARN_STRICT_PROTOTYPES = YES;
				CLANG_WARN_SUSPICIOUS_MOVE = YES;
				CLANG_WARN_UNGUARDED_AVAILABILITY = YES_AGGRESSIVE;
				CLANG_WARN_UNREACHABLE_CODE = YES;
				CLANG_WARN__DUPLICATE_METHOD_MATCH = YES;
				CODE_SIGN_IDENTITY = "iPhone Developer";
				COPY_PHASE_STRIP = NO;
				DEBUG_INFORMATION_FORMAT = dwarf;
				ENABLE_STRICT_OBJC_MSGSEND = YES;
				ENABLE_TESTABILITY = YES;
				GCC_C_LANGUAGE_STANDARD = gnu11;
				GCC_DYNAMIC_NO_PIC = NO;
				GCC_NO_COMMON_BLOCKS = YES;
				GCC_OPTIMIZATION_LEVEL = 0;
				GCC_PREPROCESSOR_DEFINITIONS = (
					"DEBUG=1",
					"$(inherited)",
				);
				GCC_WARN_64_TO_32_BIT_CONVERSION = YES;
				GCC_WARN_ABOUT_RETURN_TYPE = YES_ERROR;
				GCC_WARN_UNDECLARED_SELECTOR = YES;
				GCC_WARN_UNINITIALIZED_AUTOS = YES_AGGRESSIVE;
				GCC_WARN_UNUSED_FUNCTION = YES;
				GCC_WARN_UNUSED_VARIABLE = YES;
				IPHONEOS_DEPLOYMENT_TARGET = 12.2;
				MTL_ENABLE_DEBUG_INFO = INCLUDE_SOURCE;
				MTL_FAST_MATH = YES;
				ONLY_ACTIVE_ARCH = YES;
				SDKROOT = iphoneos;
				SWIFT_ACTIVE_COMPILATION_CONDITIONS = DEBUG;
				SWIFT_OPTIMIZATION_LEVEL = "-Onone";
			};
			name = Debug;
		};
		353FC51924144FAC00E57813 /* Release */ = {
			isa = XCBuildConfiguration;
			buildSettings = {
				ALWAYS_SEARCH_USER_PATHS = NO;
				CLANG_ANALYZER_NONNULL = YES;
				CLANG_ANALYZER_NUMBER_OBJECT_CONVERSION = YES_AGGRESSIVE;
				CLANG_CXX_LANGUAGE_STANDARD = "gnu++14";
				CLANG_CXX_LIBRARY = "libc++";
				CLANG_ENABLE_MODULES = YES;
				CLANG_ENABLE_OBJC_ARC = YES;
				CLANG_ENABLE_OBJC_WEAK = YES;
				CLANG_WARN_BLOCK_CAPTURE_AUTORELEASING = YES;
				CLANG_WARN_BOOL_CONVERSION = YES;
				CLANG_WARN_COMMA = YES;
				CLANG_WARN_CONSTANT_CONVERSION = YES;
				CLANG_WARN_DEPRECATED_OBJC_IMPLEMENTATIONS = YES;
				CLANG_WARN_DIRECT_OBJC_ISA_USAGE = YES_ERROR;
				CLANG_WARN_DOCUMENTATION_COMMENTS = YES;
				CLANG_WARN_EMPTY_BODY = YES;
				CLANG_WARN_ENUM_CONVERSION = YES;
				CLANG_WARN_INFINITE_RECURSION = YES;
				CLANG_WARN_INT_CONVERSION = YES;
				CLANG_WARN_NON_LITERAL_NULL_CONVERSION = YES;
				CLANG_WARN_OBJC_IMPLICIT_RETAIN_SELF = YES;
				CLANG_WARN_OBJC_LITERAL_CONVERSION = YES;
				CLANG_WARN_OBJC_ROOT_CLASS = YES_ERROR;
				CLANG_WARN_RANGE_LOOP_ANALYSIS = YES;
				CLANG_WARN_STRICT_PROTOTYPES = YES;
				CLANG_WARN_SUSPICIOUS_MOVE = YES;
				CLANG_WARN_UNGUARDED_AVAILABILITY = YES_AGGRESSIVE;
				CLANG_WARN_UNREACHABLE_CODE = YES;
				CLANG_WARN__DUPLICATE_METHOD_MATCH = YES;
				CODE_SIGN_IDENTITY = "iPhone Developer";
				COPY_PHASE_STRIP = NO;
				DEBUG_INFORMATION_FORMAT = "dwarf-with-dsym";
				ENABLE_NS_ASSERTIONS = NO;
				ENABLE_STRICT_OBJC_MSGSEND = YES;
				GCC_C_LANGUAGE_STANDARD = gnu11;
				GCC_NO_COMMON_BLOCKS = YES;
				GCC_WARN_64_TO_32_BIT_CONVERSION = YES;
				GCC_WARN_ABOUT_RETURN_TYPE = YES_ERROR;
				GCC_WARN_UNDECLARED_SELECTOR = YES;
				GCC_WARN_UNINITIALIZED_AUTOS = YES_AGGRESSIVE;
				GCC_WARN_UNUSED_FUNCTION = YES;
				GCC_WARN_UNUSED_VARIABLE = YES;
				IPHONEOS_DEPLOYMENT_TARGET = 12.2;
				MTL_ENABLE_DEBUG_INFO = NO;
				MTL_FAST_MATH = YES;
				SDKROOT = iphoneos;
				SWIFT_COMPILATION_MODE = wholemodule;
				SWIFT_OPTIMIZATION_LEVEL = "-O";
				VALIDATE_PRODUCT = YES;
			};
			name = Release;
		};
		353FC51B24144FAC00E57813 /* Debug */ = {
			isa = XCBuildConfiguration;
			buildSettings = {
				ASSETCATALOG_COMPILER_APPICON_NAME = AppIcon;
				CODE_SIGN_STYLE = Automatic;
				DEVELOPMENT_TEAM = RW6DCG4D4G;
				INFOPLIST_FILE = "Top Albums/Info.plist";
				LD_RUNPATH_SEARCH_PATHS = (
					"$(inherited)",
					"@executable_path/Frameworks",
				);
				PRODUCT_BUNDLE_IDENTIFIER = "ramapps.Top-Albums";
				PRODUCT_NAME = "$(TARGET_NAME)";
				SWIFT_VERSION = 5.0;
				TARGETED_DEVICE_FAMILY = "1,2";
			};
			name = Debug;
		};
		353FC51C24144FAC00E57813 /* Release */ = {
			isa = XCBuildConfiguration;
			buildSettings = {
				ASSETCATALOG_COMPILER_APPICON_NAME = AppIcon;
				CODE_SIGN_STYLE = Automatic;
				DEVELOPMENT_TEAM = RW6DCG4D4G;
				INFOPLIST_FILE = "Top Albums/Info.plist";
				LD_RUNPATH_SEARCH_PATHS = (
					"$(inherited)",
					"@executable_path/Frameworks",
				);
				PRODUCT_BUNDLE_IDENTIFIER = "ramapps.Top-Albums";
				PRODUCT_NAME = "$(TARGET_NAME)";
				SWIFT_VERSION = 5.0;
				TARGETED_DEVICE_FAMILY = "1,2";
			};
			name = Release;
		};
		353FC51E24144FAC00E57813 /* Debug */ = {
			isa = XCBuildConfiguration;
			buildSettings = {
				ALWAYS_EMBED_SWIFT_STANDARD_LIBRARIES = YES;
				BUNDLE_LOADER = "$(TEST_HOST)";
				CODE_SIGN_STYLE = Automatic;
				DEVELOPMENT_TEAM = RW6DCG4D4G;
				INFOPLIST_FILE = "Top AlbumsTests/Info.plist";
				LD_RUNPATH_SEARCH_PATHS = (
					"$(inherited)",
					"@executable_path/Frameworks",
					"@loader_path/Frameworks",
				);
				PRODUCT_BUNDLE_IDENTIFIER = "ramapps.Top-AlbumsTests";
				PRODUCT_NAME = "$(TARGET_NAME)";
				SWIFT_VERSION = 5.0;
				TARGETED_DEVICE_FAMILY = "1,2";
				TEST_HOST = "$(BUILT_PRODUCTS_DIR)/Top Albums.app/Top Albums";
			};
			name = Debug;
		};
		353FC51F24144FAC00E57813 /* Release */ = {
			isa = XCBuildConfiguration;
			buildSettings = {
				ALWAYS_EMBED_SWIFT_STANDARD_LIBRARIES = YES;
				BUNDLE_LOADER = "$(TEST_HOST)";
				CODE_SIGN_STYLE = Automatic;
				DEVELOPMENT_TEAM = RW6DCG4D4G;
				INFOPLIST_FILE = "Top AlbumsTests/Info.plist";
				LD_RUNPATH_SEARCH_PATHS = (
					"$(inherited)",
					"@executable_path/Frameworks",
					"@loader_path/Frameworks",
				);
				PRODUCT_BUNDLE_IDENTIFIER = "ramapps.Top-AlbumsTests";
				PRODUCT_NAME = "$(TARGET_NAME)";
				SWIFT_VERSION = 5.0;
				TARGETED_DEVICE_FAMILY = "1,2";
				TEST_HOST = "$(BUILT_PRODUCTS_DIR)/Top Albums.app/Top Albums";
			};
			name = Release;
		};
/* End XCBuildConfiguration section */

/* Begin XCConfigurationList section */
		353FC4F824144FA900E57813 /* Build configuration list for PBXProject "Top Albums" */ = {
			isa = XCConfigurationList;
			buildConfigurations = (
				353FC51824144FAC00E57813 /* Debug */,
				353FC51924144FAC00E57813 /* Release */,
			);
			defaultConfigurationIsVisible = 0;
			defaultConfigurationName = Release;
		};
		353FC51A24144FAC00E57813 /* Build configuration list for PBXNativeTarget "Top Albums" */ = {
			isa = XCConfigurationList;
			buildConfigurations = (
				353FC51B24144FAC00E57813 /* Debug */,
				353FC51C24144FAC00E57813 /* Release */,
			);
			defaultConfigurationIsVisible = 0;
			defaultConfigurationName = Release;
		};
		353FC51D24144FAC00E57813 /* Build configuration list for PBXNativeTarget "Top AlbumsTests" */ = {
			isa = XCConfigurationList;
			buildConfigurations = (
				353FC51E24144FAC00E57813 /* Debug */,
				353FC51F24144FAC00E57813 /* Release */,
			);
			defaultConfigurationIsVisible = 0;
			defaultConfigurationName = Release;
		};
/* End XCConfigurationList section */
	};
	rootObject = 353FC4F524144FA900E57813 /* Project object */;
}
